{
  "name": "foliorw",
  "lockfileVersion": 3,
  "requires": true,
  "packages": {
    "": {
      "dependencies": {
        "nodemailer-brevo-transport": "^2.0.1"
      }
    },
    "node_modules/nodemailer-brevo-transport": {
      "version": "2.0.1",
      "resolved": "https://registry.npmjs.org/nodemailer-brevo-transport/-/nodemailer-brevo-transport-2.0.1.tgz",
      "integrity": "sha512-F2QIUz1gfbIHFxZY3sm9Hpqjaof2eNdFk1ZOOTfyDLZn5qRBLv/p8oXjsAhNA8IgRVZk2CAKA5WvZflYipbXTw=="
    }
  }
}
